
Microsoft Visual Studio Solution File, Format Version 12.00
# Visual Studio Version 17
VisualStudioVersion = 17.5.33502.453
MinimumVisualStudioVersion = 10.0.40219.1
Project("{FAE04EC0-301F-11D3-BF4B-00C04F79EFBC}") = "WindowsApplication", "WindowsApplication\WindowsApplication.csproj", "{F687D626-00D8-4F30-9048-AF480C52885E}"
EndProject
Global
	GlobalSection(SolutionConfigurationPlatforms) = preSolution
		Debug|Any CPU = Debug|Any CPU
		Release|Any CPU = Release|Any CPU
	EndGlobalSection
	GlobalSection(ProjectConfigurationPlatforms) = postSolution
		{F687D626-00D8-4F30-9048-AF480C52885E}.Debug|Any CPU.ActiveCfg = Debug|Any CPU
		{F687D626-00D8-4F30-9048-AF480C52885E}.Debug|Any CPU.Build.0 = Debug|Any CPU
		{F687D626-00D8-4F30-9048-AF480C52885E}.Release|Any CPU.ActiveCfg = Release|Any CPU
		{F687D626-00D8-4F30-9048-AF480C52885E}.Release|Any CPU.Build.0 = Release|Any CPU
	EndGlobalSection
	GlobalSection(SolutionProperties) = preSolution
		HideSolutionNode = FALSE
	EndGlobalSection
	GlobalSection(ExtensibilityGlobals) = postSolution
		SolutionGuid = {F1EB34AA-EE0F-4851-AFDB-A01475A66AC8}
	EndGlobalSection
EndGlobal
